
Microsoft Visual Studio Solution File, Format Version 12.00
# Visual Studio 15
VisualStudioVersion = 15.0.27004.2009
MinimumVisualStudioVersion = 10.0.40219.1
Project("{2150E333-8FDC-42A3-9474-1A3956D46DE8}") = "prototypes", "prototypes", "{A9156C50-C649-43FB-B594-660B0642FD80}"
EndProject
Project("{9A19103F-16F7-4668-BE54-9A1E7A4F7556}") = "ModernRonin.Terrarium.Logic", "ModernRonin.Terrarium.Logic\ModernRonin.Terrarium.Logic.csproj", "{D50F8002-ABF8-4570-BB1C-D05B10C00846}"
EndProject
Project("{9A19103F-16F7-4668-BE54-9A1E7A4F7556}") = "ModernRonin.Standard", "ModernRonin.Standard\ModernRonin.Standard.csproj", "{DC8CCA68-8837-4F10-8B61-523365CF9996}"
EndProject
Project("{2150E333-8FDC-42A3-9474-1A3956D46DE8}") = "Logic", "Logic", "{4BD447A3-7CF0-4A71-A0A4-FE70A9638077}"
EndProject
Project("{FAE04EC0-301F-11D3-BF4B-00C04F79EFBC}") = "ModernRonin.Terrarium.Client.Windows", "ModernRonin.Terrarium.Client.Windows\ModernRonin.Terrarium.Client.Windows.csproj", "{E50D6E84-1260-4B0F-A426-B84B958568B9}"
EndProject
Project("{FAE04EC0-301F-11D3-BF4B-00C04F79EFBC}") = "ModernRonin.Terrarium.Rendering.Windows", "ModernRonin.Terrarium.Rendering.Windows\ModernRonin.Terrarium.Rendering.Windows.csproj", "{4FB64CF4-A57F-4C66-94ED-16DF8B20021D}"
EndProject
Global
	GlobalSection(SolutionConfigurationPlatforms) = preSolution
		Debug|Any CPU = Debug|Any CPU
		Debug|ARM = Debug|ARM
		Debug|x64 = Debug|x64
		Debug|x86 = Debug|x86
		Release|Any CPU = Release|Any CPU
		Release|ARM = Release|ARM
		Release|x64 = Release|x64
		Release|x86 = Release|x86
	EndGlobalSection
	GlobalSection(ProjectConfigurationPlatforms) = postSolution
		{D50F8002-ABF8-4570-BB1C-D05B10C00846}.Debug|Any CPU.ActiveCfg = Debug|Any CPU
		{D50F8002-ABF8-4570-BB1C-D05B10C00846}.Debug|Any CPU.Build.0 = Debug|Any CPU
		{D50F8002-ABF8-4570-BB1C-D05B10C00846}.Debug|ARM.ActiveCfg = Debug|Any CPU
		{D50F8002-ABF8-4570-BB1C-D05B10C00846}.Debug|ARM.Build.0 = Debug|Any CPU
		{D50F8002-ABF8-4570-BB1C-D05B10C00846}.Debug|x64.ActiveCfg = Debug|Any CPU
		{D50F8002-ABF8-4570-BB1C-D05B10C00846}.Debug|x64.Build.0 = Debug|Any CPU
		{D50F8002-ABF8-4570-BB1C-D05B10C00846}.Debug|x86.ActiveCfg = Debug|Any CPU
		{D50F8002-ABF8-4570-BB1C-D05B10C00846}.Debug|x86.Build.0 = Debug|Any CPU
		{D50F8002-ABF8-4570-BB1C-D05B10C00846}.Release|Any CPU.ActiveCfg = Release|Any CPU
		{D50F8002-ABF8-4570-BB1C-D05B10C00846}.Release|Any CPU.Build.0 = Release|Any CPU
		{D50F8002-ABF8-4570-BB1C-D05B10C00846}.Release|ARM.ActiveCfg = Release|Any CPU
		{D50F8002-ABF8-4570-BB1C-D05B10C00846}.Release|ARM.Build.0 = Release|Any CPU
		{D50F8002-ABF8-4570-BB1C-D05B10C00846}.Release|x64.ActiveCfg = Release|Any CPU
		{D50F8002-ABF8-4570-BB1C-D05B10C00846}.Release|x64.Build.0 = Release|Any CPU
		{D50F8002-ABF8-4570-BB1C-D05B10C00846}.Release|x86.ActiveCfg = Release|Any CPU
		{D50F8002-ABF8-4570-BB1C-D05B10C00846}.Release|x86.Build.0 = Release|Any CPU
		{DC8CCA68-8837-4F10-8B61-523365CF9996}.Debug|Any CPU.ActiveCfg = Debug|Any CPU
		{DC8CCA68-8837-4F10-8B61-523365CF9996}.Debug|Any CPU.Build.0 = Debug|Any CPU
		{DC8CCA68-8837-4F10-8B61-523365CF9996}.Debug|ARM.ActiveCfg = Debug|Any CPU
		{DC8CCA68-8837-4F10-8B61-523365CF9996}.Debug|ARM.Build.0 = Debug|Any CPU
		{DC8CCA68-8837-4F10-8B61-523365CF9996}.Debug|x64.ActiveCfg = Debug|Any CPU
		{DC8CCA68-8837-4F10-8B61-523365CF9996}.Debug|x64.Build.0 = Debug|Any CPU
		{DC8CCA68-8837-4F10-8B61-523365CF9996}.Debug|x86.ActiveCfg = Debug|Any CPU
		{DC8CCA68-8837-4F10-8B61-523365CF9996}.Debug|x86.Build.0 = Debug|Any CPU
		{DC8CCA68-8837-4F10-8B61-523365CF9996}.Release|Any CPU.ActiveCfg = Release|Any CPU
		{DC8CCA68-8837-4F10-8B61-523365CF9996}.Release|Any CPU.Build.0 = Release|Any CPU
		{DC8CCA68-8837-4F10-8B61-523365CF9996}.Release|ARM.ActiveCfg = Release|Any CPU
		{DC8CCA68-8837-4F10-8B61-523365CF9996}.Release|ARM.Build.0 = Release|Any CPU
		{DC8CCA68-8837-4F10-8B61-523365CF9996}.Release|x64.ActiveCfg = Release|Any CPU
		{DC8CCA68-8837-4F10-8B61-523365CF9996}.Release|x64.Build.0 = Release|Any CPU
		{DC8CCA68-8837-4F10-8B61-523365CF9996}.Release|x86.ActiveCfg = Release|Any CPU
		{DC8CCA68-8837-4F10-8B61-523365CF9996}.Release|x86.Build.0 = Release|Any CPU
		{E50D6E84-1260-4B0F-A426-B84B958568B9}.Debug|Any CPU.ActiveCfg = Debug|x86
		{E50D6E84-1260-4B0F-A426-B84B958568B9}.Debug|ARM.ActiveCfg = Debug|ARM
		{E50D6E84-1260-4B0F-A426-B84B958568B9}.Debug|ARM.Build.0 = Debug|ARM
		{E50D6E84-1260-4B0F-A426-B84B958568B9}.Debug|ARM.Deploy.0 = Debug|ARM
		{E50D6E84-1260-4B0F-A426-B84B958568B9}.Debug|x64.ActiveCfg = Debug|x64
		{E50D6E84-1260-4B0F-A426-B84B958568B9}.Debug|x64.Build.0 = Debug|x64
		{E50D6E84-1260-4B0F-A426-B84B958568B9}.Debug|x64.Deploy.0 = Debug|x64
		{E50D6E84-1260-4B0F-A426-B84B958568B9}.Debug|x86.ActiveCfg = Debug|x86
		{E50D6E84-1260-4B0F-A426-B84B958568B9}.Debug|x86.Build.0 = Debug|x86
		{E50D6E84-1260-4B0F-A426-B84B958568B9}.Debug|x86.Deploy.0 = Debug|x86
		{E50D6E84-1260-4B0F-A426-B84B958568B9}.Release|Any CPU.ActiveCfg = Release|x86
		{E50D6E84-1260-4B0F-A426-B84B958568B9}.Release|ARM.ActiveCfg = Release|ARM
		{E50D6E84-1260-4B0F-A426-B84B958568B9}.Release|ARM.Build.0 = Release|ARM
		{E50D6E84-1260-4B0F-A426-B84B958568B9}.Release|ARM.Deploy.0 = Release|ARM
		{E50D6E84-1260-4B0F-A426-B84B958568B9}.Release|x64.ActiveCfg = Release|x64
		{E50D6E84-1260-4B0F-A426-B84B958568B9}.Release|x64.Build.0 = Release|x64
		{E50D6E84-1260-4B0F-A426-B84B958568B9}.Release|x64.Deploy.0 = Release|x64
		{E50D6E84-1260-4B0F-A426-B84B958568B9}.Release|x86.ActiveCfg = Release|x86
		{E50D6E84-1260-4B0F-A426-B84B958568B9}.Release|x86.Build.0 = Release|x86
		{E50D6E84-1260-4B0F-A426-B84B958568B9}.Release|x86.Deploy.0 = Release|x86
		{4FB64CF4-A57F-4C66-94ED-16DF8B20021D}.Debug|Any CPU.ActiveCfg = Debug|Any CPU
		{4FB64CF4-A57F-4C66-94ED-16DF8B20021D}.Debug|Any CPU.Build.0 = Debug|Any CPU
		{4FB64CF4-A57F-4C66-94ED-16DF8B20021D}.Debug|ARM.ActiveCfg = Debug|ARM
		{4FB64CF4-A57F-4C66-94ED-16DF8B20021D}.Debug|ARM.Build.0 = Debug|ARM
		{4FB64CF4-A57F-4C66-94ED-16DF8B20021D}.Debug|x64.ActiveCfg = Debug|x64
		{4FB64CF4-A57F-4C66-94ED-16DF8B20021D}.Debug|x64.Build.0 = Debug|x64
		{4FB64CF4-A57F-4C66-94ED-16DF8B20021D}.Debug|x86.ActiveCfg = Debug|x86
		{4FB64CF4-A57F-4C66-94ED-16DF8B20021D}.Debug|x86.Build.0 = Debug|x86
		{4FB64CF4-A57F-4C66-94ED-16DF8B20021D}.Release|Any CPU.ActiveCfg = Release|Any CPU
		{4FB64CF4-A57F-4C66-94ED-16DF8B20021D}.Release|Any CPU.Build.0 = Release|Any CPU
		{4FB64CF4-A57F-4C66-94ED-16DF8B20021D}.Release|ARM.ActiveCfg = Release|ARM
		{4FB64CF4-A57F-4C66-94ED-16DF8B20021D}.Release|ARM.Build.0 = Release|ARM
		{4FB64CF4-A57F-4C66-94ED-16DF8B20021D}.Release|x64.ActiveCfg = Release|x64
		{4FB64CF4-A57F-4C66-94ED-16DF8B20021D}.Release|x64.Build.0 = Release|x64
		{4FB64CF4-A57F-4C66-94ED-16DF8B20021D}.Release|x86.ActiveCfg = Release|x86
		{4FB64CF4-A57F-4C66-94ED-16DF8B20021D}.Release|x86.Build.0 = Release|x86
	EndGlobalSection
	GlobalSection(SolutionProperties) = preSolution
		HideSolutionNode = FALSE
	EndGlobalSection
	GlobalSection(NestedProjects) = preSolution
		{D50F8002-ABF8-4570-BB1C-D05B10C00846} = {4BD447A3-7CF0-4A71-A0A4-FE70A9638077}
		{DC8CCA68-8837-4F10-8B61-523365CF9996} = {4BD447A3-7CF0-4A71-A0A4-FE70A9638077}
	EndGlobalSection
	GlobalSection(ExtensibilityGlobals) = postSolution
		SolutionGuid = {B4972CAA-9C50-4468-80AC-6D3928758C15}
	EndGlobalSection
EndGlobal
